
Microsoft Visual Studio Solution File, Format Version 12.00
# Visual Studio Version 16
VisualStudioVersion = 16.0.809.0
MinimumVisualStudioVersion = 10.0.40219.1
Project("{FAE04EC0-301F-11D3-BF4B-00C04F79EFBC}") = "Challenge_One", "Challenge_One\Challenge_One.csproj", "{06584A8F-ADE8-45D9-AD39-F0E218C93318}"
EndProject
Global
	GlobalSection(SolutionConfigurationPlatforms) = preSolution
		Debug|Any CPU = Debug|Any CPU
		Release|Any CPU = Release|Any CPU
	EndGlobalSection
	GlobalSection(ProjectConfigurationPlatforms) = postSolution
		{06584A8F-ADE8-45D9-AD39-F0E218C93318}.Debug|Any CPU.ActiveCfg = Debug|Any CPU
		{06584A8F-ADE8-45D9-AD39-F0E218C93318}.Debug|Any CPU.Build.0 = Debug|Any CPU
		{06584A8F-ADE8-45D9-AD39-F0E218C93318}.Release|Any CPU.ActiveCfg = Release|Any CPU
		{06584A8F-ADE8-45D9-AD39-F0E218C93318}.Release|Any CPU.Build.0 = Release|Any CPU
	EndGlobalSection
	GlobalSection(SolutionProperties) = preSolution
		HideSolutionNode = FALSE
	EndGlobalSection
	GlobalSection(ExtensibilityGlobals) = postSolution
		SolutionGuid = {304F2C07-DE21-4A50-99E5-826A2ECE105F}
	EndGlobalSection
EndGlobal
